github.com/davecgh/go-spew v1.1.1 h1:vj9j/u1bqnvCEfJOwUhtlOARqs3+rkHYY13jYWTU97c=
github.com/davecgh/go-spew v1.1.1/go.mod h1:J7Y8YcW2NihsgmVo/mv3lAwl/skON4iLHjSsI+c5H38=
github.com/ebitengine/purego v0.7.0-alpha.3 h1:9hH1aneqLaM3sM+PMUgRJVsMe2SqfVjZtV3DEzxBDJU=
github.com/ebitengine/purego v0.7.0-alpha.3/go.mod h1:ah1In8AOtksoNK6yk5z1HTJeUkC1Ez4Wk2idgGslMwQ=
github.com/go-viper/mapstructure/v2 v2.0.0-alpha.1 h1:TQcrn6Wq+sKGkpyPvppOz99zsMBaUOKXq6HSv655U1c=
github.com/go-viper/mapstructure/v2 v2.0.0-alpha.1/go.mod h1:oJDH3BJKyqBA2TXFhDsKDGDTlndYOZ6rGS0BRZIxGhM=
github.com/hajimehoshi/ebiten/v2 v2.6.6 h1:E5X87Or4VwKZIKjeC9+Vr4ComhZAz9h839myF4Q21kc=
github.com/hajimehoshi/ebiten/v2 v2.6.6/go.mod h1:gKgQI26zfoSb6j5QbrEz2L6nuHMbAYwrsXa5qsGrQKo=
github.com/jezek/xgb v1.1.1 h1:bE/r8ZZtSv7l9gk6nU0mYx51aXrvnyb44892TwSaqS4=
github.com/jezek/xgb v1.1.1/go.mod h1:nrhwO0FX/enq75I7Y7G8iN1ubpSGZEiA3v9e9GyRFlk=
github.com/knadh/koanf/maps v0.1.1 h1:G5TjmUh2D7G2YWf5SQQqSiHRJEjaicvU0KpypqB3NIs=
github.com/knadh/koanf/maps v0.1.1/go.mod h1:npD/QZY3V6ghQDdcQzl1W4ICNVTkohC8E73eI2xW4yI=
github.com/knadh/koanf/providers/confmap v0.1.0 h1:gOkxhHkemwG4LezxxN8DMOFopOPghxRVp7JbIvdvqzU=
github.com/knadh/koanf/providers/confmap v0.1.0/go.mod h1:2uLhxQzJnyHKfxG927awZC7+fyHFdQkd697K4MdLnIU=
github.com/knadh/koanf/providers/env v0.1.0 h1:LqKteXqfOWyx5Ab9VfGHmjY9BvRXi+clwyZozgVRiKg=
github.com/knadh/koanf/providers/env v0.1.0/go.mod h1:RE8K9GbACJkeEnkl8L/Qcj8p4ZyPXZIQ191HJi44ZaQ=
github.com/knadh/koanf/v2 v2.1.0 h1:eh4QmHHBuU8BybfIJ8mB8K8gsGCD/AUQTdwGq/GzId8=
github.com/knadh/koanf/v2 v2.1.0/go.mod h1:4mnTRbZCK+ALuBXHZMjDfG9y714L7TykVnZkXbMU3Es=
github.com/mitchellh/copystructure v1.2.0 h1:vpKXTN4ewci03Vljg/q9QvCGUDttBOGBIa15WveJJGw=
github.com/mitchellh/copystructure v1.2.0/go.mod h1:qLl+cE2AmVv+CoeAwDPye/v+N2HKCj9FbZEVFJRxO9s=
github.com/mitchellh/reflectwalk v1.0.2 h1:G2LzWKi524PWgd3mLHV8Y5k7s6XUvT0Gef6zxSIeXaQ=
github.com/mitchellh/reflectwalk v1.0.2/go.mod h1:mSTlrgnPZtwu0c4WaC2kGObEpuNDbx0jmZXqmk4esnw=
github.com/nfnt/resize v0.0.0-20180221191011-83c6a9932646 h1:zYyBkD/k9seD2A7fsi6Oo2LfFZAehjjQMERAvZLEDnQ=
github.com/nfnt/resize v0.0.0-20180221191011-83c6a9932646/go.mod h1:jpp1/29i3P1S/RLdc7JQKbRpFeM1dOBd8T9ki5s+AY8=
github.com/pmezard/go-difflib v1.0.0 h1:4DBwDE0NGyQoBHbLQYPwSUPoCMWR5BEzIk/f1lZbAQM=
github.com/pmezard/go-difflib v1.0.0/go.mod h1:iKH77koFhYxTK1pcRnkKkqfTogsbg7gZNVY4sRDYZ/4=
github.com/robbert229/fxslog v1.1.0 h1:sv4EI0uPN2tY6VkZ6J2XVslL5np0DZcgc/thpXbFkbY=
github.com/robbert229/fxslog v1.1.0/go.mod h1:q92nQ/mSNw5Mc0eYtDYMtTW1+WvOB4nUE8kGgc/qMWA=
github.com/stretchr/testify v1.8.1 h1:w7B6lhMri9wdJUVmEZPGGhZzrYTPvgJArz7wNPgYKsk=
github.com/stretchr/testify v1.8.1/go.mod h1:w2LPCIKwWwSfY2zedu0+kehJoqGctiVI29o6fzry7u4=
go.uber.org/dig v1.17.1 h1:Tga8Lz8PcYNsWsyHMZ1Vm0OQOUaJNDyvPImgbAu9YSc=
go.uber.org/dig v1.17.1/go.mod h1:Us0rSJiThwCv2GteUN0Q7OKvU7n5J4dxZ9JKUXozFdE=
go.uber.org/fx v1.21.0 h1:qqD6k7PyFHONffW5speYx403ywanuASqU4Rqdpc22XY=
go.uber.org/fx v1.21.0/go.mod h1:HT2M7d7RHo+ebKGh9NRcrsrHHfpZ60nW3QRubMRfv48=
go.uber.org/goleak v1.3.0 h1:2K3zAYmnTNqV73imy9J1T3WC+gmCePx2hEGkimedGto=
go.uber.org/goleak v1.3.0/go.mod h1:CoHD4mav9JJNrW/WLlf7HGZPjdw8EucARQHekz1X6bE=
go.uber.org/multierr v1.11.0 h1:blXXJkSxSSfBVBlC76pxqeO+LN3aDfLQo+309xJstO0=
go.uber.org/multierr v1.11.0/go.mod h1:20+QtiLqy0Nd6FdQB9TLXag12DsQkrbs3htMFfDN80Y=
go.uber.org/zap v1.27.0 h1:aJMhYGrd5QSmlpLMr2MftRKl7t8J8PTZPA732ud/XR8=
go.uber.org/zap v1.27.0/go.mod h1:GB2qFLM7cTU87MWRP2mPIjqfIDnGu+VIO4V/SdhGo2E=
golang.org/x/exp/shiny v0.0.0-20240318143956-a85f2c67cd81 h1:JfOcDr8A3W1l+tHaR4QMCL3w6UHsfRRr2845M1TQwX4=
golang.org/x/exp/shiny v0.0.0-20240318143956-a85f2c67cd81/go.mod h1:3F+MieQB7dRYLTmnncoFbb1crS5lfQoTfDgQy6K4N0o=
golang.org/x/image v0.15.0 h1:kOELfmgrmJlw4Cdb7g/QGuB3CvDrXbqEIww/pNtNBm8=
golang.org/x/image v0.15.0/go.mod h1:HUYqC05R2ZcZ3ejNQsIHQDQiwWM4JBqmm6MKANTp4LE=
golang.org/x/mobile v0.0.0-20240320162201-c76e57eead38 h1:Pje51YXhl8Griu25k5zJBD48T4C0qA7YUd5myQfnFLo=
golang.org/x/mobile v0.0.0-20240320162201-c76e57eead38/go.mod h1:DN+F2TpepQEh5goqWnM3gopfFakSWM8OmHiz0rPRjT4=
golang.org/x/sync v0.6.0 h1:5BMeUDZ7vkXGfEr1x9B4bRcTH4lpkTkpdh0T/J+qjbQ=
golang.org/x/sync v0.6.0/go.mod h1:Czt+wKu1gCyEFDUtn0jG5QVvpJ6rzVqr5aXyt9drQfk=
golang.org/x/sys v0.18.0 h1:DBdB3niSjOA/O0blCZBqDefyWNYveAYMNF1Wum0DYQ4=
golang.org/x/sys v0.18.0/go.mod h1:/VUhepiaJMQUp4+oa/7Zr1D23ma6VTLIYjOOTFZPUcA=
gopkg.in/yaml.v3 v3.0.1 h1:fxVm/GzAzEWqLHuvctI91KS9hhNmmWOoWu0XTYJS7CA=
gopkg.in/yaml.v3 v3.0.1/go.mod h1:K4uyk7z7BCEPqu6E+C64Yfv1cQ7kz7rIZviUmN+EgEM=
